
Microsoft Visual Studio Solution File, Format Version 12.00
# Visual Studio 15
VisualStudioVersion = 15.0.26730.12
MinimumVisualStudioVersion = 10.0.40219.1
Project("{FAE04EC0-301F-11D3-BF4B-00C04F79EFBC}") = "JQueryPostModelBinding.Web", "JQueryPostModelBinding.Web\JQueryPostModelBinding.Web.csproj", "{21AAB96E-2BD1-4BEE-9BBF-43D927F5CF48}"
EndProject
Global
	GlobalSection(SolutionConfigurationPlatforms) = preSolution
		Debug|Any CPU = Debug|Any CPU
		Release|Any CPU = Release|Any CPU
	EndGlobalSection
	GlobalSection(ProjectConfigurationPlatforms) = postSolution
		{21AAB96E-2BD1-4BEE-9BBF-43D927F5CF48}.Debug|Any CPU.ActiveCfg = Debug|Any CPU
		{21AAB96E-2BD1-4BEE-9BBF-43D927F5CF48}.Debug|Any CPU.Build.0 = Debug|Any CPU
		{21AAB96E-2BD1-4BEE-9BBF-43D927F5CF48}.Release|Any CPU.ActiveCfg = Release|Any CPU
		{21AAB96E-2BD1-4BEE-9BBF-43D927F5CF48}.Release|Any CPU.Build.0 = Release|Any CPU
	EndGlobalSection
	GlobalSection(SolutionProperties) = preSolution
		HideSolutionNode = FALSE
	EndGlobalSection
	GlobalSection(ExtensibilityGlobals) = postSolution
		SolutionGuid = {3149D1A4-6FB1-43C7-87B5-B8F242590DCC}
	EndGlobalSection
	GlobalSection(CodealikeProperties) = postSolution
		SolutionGuid = 1f862979-4bcd-43dc-8f17-1b3a66b7551e
	EndGlobalSection
EndGlobal
